
Microsoft Visual Studio Solution File, Format Version 12.00
# Visual Studio Version 16
VisualStudioVersion = 16.0.29102.190
MinimumVisualStudioVersion = 10.0.40219.1
Project("{FAE04EC0-301F-11D3-BF4B-00C04F79EFBC}") = "WpfApp", "WpfApp.csproj", "{02E904E2-61F3-4C1F-8AC9-699FE44FBED1}"
EndProject
Global
	GlobalSection(SolutionConfigurationPlatforms) = preSolution
		Debug|Any CPU = Debug|Any CPU
		Release|Any CPU = Release|Any CPU
	EndGlobalSection
	GlobalSection(ProjectConfigurationPlatforms) = postSolution
		{02E904E2-61F3-4C1F-8AC9-699FE44FBED1}.Debug|Any CPU.ActiveCfg = Debug|Any CPU
		{02E904E2-61F3-4C1F-8AC9-699FE44FBED1}.Debug|Any CPU.Build.0 = Debug|Any CPU
		{02E904E2-61F3-4C1F-8AC9-699FE44FBED1}.Release|Any CPU.ActiveCfg = Release|Any CPU
		{02E904E2-61F3-4C1F-8AC9-699FE44FBED1}.Release|Any CPU.Build.0 = Release|Any CPU
	EndGlobalSection
	GlobalSection(SolutionProperties) = preSolution
		HideSolutionNode = FALSE
	EndGlobalSection
	GlobalSection(ExtensibilityGlobals) = postSolution
		SolutionGuid = {B6CD4811-23EE-46FD-BD59-BC2671AB30C3}
	EndGlobalSection
EndGlobal
